{
  "contracts/capo": {
    "branch": {
      "name": "main",
      "rev": "3020ec85ccddde176a7b379e162e6c0d50239d42"
    }
  },
  "forge/lib/forge-std": {
    "tag": {
      "name": "v1.16.2",
      "rev": "bf647bd6046f2f7da30d0c2bf435e5c76a780c1b"
    }
  },
  "plugins/import/contracts-archive": {
    "branch": {
      "name": "develop",
      "rev": "59b03d6eee7c3b4214b970c2d05e7073a4791ffb"
    }
  }
}